PODS:
  - Keys (1.0.0)
  - Marshal (1.2.4)
  - Mimus (1.0.0)
  - Nimble (7.0.0)
  - Quick (1.1.0)
  - RxCocoa (3.4.1):
    - RxSwift (~> 3.4)
  - RxDataSources (1.0.3):
    - RxCocoa (~> 3.0)
    - RxSwift (~> 3.0)
  - RxSwift (3.4.1)
  - RxTest (3.4.1):
    - RxSwift (~> 3.4)
  - SnapKit (3.2.0)
  - SwiftDate (4.1.1)
  - SwiftFormat/CLI (0.28.4)

DEPENDENCIES:
  - Keys (from `Pods/CocoaPodsKeys`)
  - Marshal (~> 1.0)
  - Mimus
  - Nimble
  - Quick
  - RxCocoa (~> 3.0)
  - RxDataSources (~> 1.0)
  - RxSwift (~> 3.0)
  - RxTest
  - SnapKit (~> 3.2.0)
  - SwiftDate (~> 4.0)
  - SwiftFormat/CLI

EXTERNAL SOURCES:
  Keys:
    :path: Pods/CocoaPodsKeys

SPEC CHECKSUMS:
  Keys: 9c35bf00f612ee1d48556f4a4b9b4551e224e90f
  Marshal: 8e04e6624e506921db7143b0bfd83caee03f32d6
  Mimus: bd140656a973b40c572ea1e4e7aef6721e1bcb4f
  Nimble: 874982b605d4d752fcac6be695d13c502de84b1b
  Quick: dafc587e21eed9f4cab3249b9f9015b0b7a7f71d
  RxCocoa: a8a5f1d061d0043e28f56976829f31ce63e8eb09
  RxDataSources: a021a0e944ba5f7991259829d973afdbfa719c0b
  RxSwift: 656f8fbeca5bc372121a72d9ebdd3cd3bc0ffade
  RxTest: a6fd6e4069face7c6488f96f6c42296b3e44db48
  SnapKit: 1ca44df72cfa543218d177cb8aab029d10d86ea7
  SwiftDate: ae615078806a322183e5f64e02e80ca8d939bf48
  SwiftFormat: c48c1981bb39a0cacf5bc459785f9bae22f7a1a4

PODFILE CHECKSUM: bc09f0af7752c98c991079ca7b368fc3e63fb7ea

COCOAPODS: 1.2.1
