// !$*UTF8*$!
{
	archiveVersion = 1;
	classes = {
	};
	objectVersion = 46;
	objects = {

/* Begin PBXBuildFile section */
		4385966D1EABC06800776FD3 /* AppDelegate.swift in Sources */ = {isa = PBXBuildFile; fileRef = 4385966C1EABC06800776FD3 /* AppDelegate.swift */; };
		438596741EABC06800776FD3 /* Assets.xcassets in Resources */ = {isa = PBXBuildFile; fileRef = 438596731EABC06800776FD3 /* Assets.xcassets */; };
		438596771EABC06800776FD3 /* LaunchScreen.storyboard in Resources */ = {isa = PBXBuildFile; fileRef = 438596751EABC06800776FD3 /* LaunchScreen.storyboard */; };
		466B1D2D1EBA095C00817988 /* CoreLocation.framework in Frameworks */ = {isa = PBXBuildFile; fileRef = 466B1D2C1EBA095C00817988 /* CoreLocation.framework */; };
		466B1D2F1EBA096200817988 /* MapKit.framework in Frameworks */ = {isa = PBXBuildFile; fileRef = 466B1D2E1EBA096200817988 /* MapKit.framework */; };
		5CA88F91BE7D4BEB439F0F93 /* Pods_Workshops_RxSwiftWorkshop.framework in Frameworks */ = {isa = PBXBuildFile; fileRef = A51FE8AD83CB5E93D521AE35 /* Pods_Workshops_RxSwiftWorkshop.framework */; };
		7900006D4F7E45D0236801C4 /* MapViewDelegate.swift in Sources */ = {isa = PBXBuildFile; fileRef = 790001545A1E24B77B09637F /* MapViewDelegate.swift */; };
		79000394FC6EE8D3547FF94C /* FakeSystemGeolocator.swift in Sources */ = {isa = PBXBuildFile; fileRef = 79000095B20383E503946982 /* FakeSystemGeolocator.swift */; };
		7900039827B790F1D721DD64 /* Equatability.swift in Sources */ = {isa = PBXBuildFile; fileRef = 79000ACAEFDEF90A65883CFF /* Equatability.swift */; };
		7900043FC44B5112CFB85CF1 /* Route.swift in Sources */ = {isa = PBXBuildFile; fileRef = 790008518E6DD1F739329E24 /* Route.swift */; };
		790004F8689BB9A10FF9D187 /* FlowController.swift in Sources */ = {isa = PBXBuildFile; fileRef = 790001A485670B30511AC694 /* FlowController.swift */; };
		7900060EEF468A2C8E4FF41E /* ModelFormatters.swift in Sources */ = {isa = PBXBuildFile; fileRef = 790008337D23D1BEF8E9DB2E /* ModelFormatters.swift */; };
		790006AD7C97B14DD6719802 /* Geolocator.swift in Sources */ = {isa = PBXBuildFile; fileRef = 790007F4085C6C0CECB12703 /* Geolocator.swift */; };
		790009523CDE0607211CC0AF /* GeolocatorSpec.swift in Sources */ = {isa = PBXBuildFile; fileRef = 79000E5B44024AB0E4C1B6D2 /* GeolocatorSpec.swift */; };
		79000A32DAE588F5178CC8FD /* MapViewController.swift in Sources */ = {isa = PBXBuildFile; fileRef = 79000187CFBB2E47748E850A /* MapViewController.swift */; };
		79000AC0B90E0EF08F5D532F /* LazyFaking.swift in Sources */ = {isa = PBXBuildFile; fileRef = 79000D137AE92FC2BBAA3C62 /* LazyFaking.swift */; };
		79000D49D13F3500608747E7 /* FlightVisualizationViewModel.swift in Sources */ = {isa = PBXBuildFile; fileRef = 790001030A05FDFD2470DDA7 /* FlightVisualizationViewModel.swift */; };
		79000EE78747ACBE81271356 /* GentleUnwrapping.swift in Sources */ = {isa = PBXBuildFile; fileRef = 79000E1511EB1430092FC38D /* GentleUnwrapping.swift */; };
		797BA4D6019618771E9F1896 /* Pods_Workshops_RxSwiftWorkshopTests.framework in Frameworks */ = {isa = PBXBuildFile; fileRef = 88F6181449532051D618E099 /* Pods_Workshops_RxSwiftWorkshopTests.framework */; };
		8108601AF59ED8EA7EE407F8 /* FakeIATAKeys.swift in Sources */ = {isa = PBXBuildFile; fileRef = 81086A9C451D010A64B689E3 /* FakeIATAKeys.swift */; };
		8108603B301829C5B1DE8FE3 /* FlightsViewControllerSpec.swift in Sources */ = {isa = PBXBuildFile; fileRef = 810862A374CA8980AC5FA5AC /* FlightsViewControllerSpec.swift */; };
		810860850202F9ED61EBFDE7 /* FakeFlightFilterView.swift in Sources */ = {isa = PBXBuildFile; fileRef = 810860398185904D92F7EC99 /* FakeFlightFilterView.swift */; };
		8108610F6FE2FD5FD91B281F /* FlightStatus.swift in Sources */ = {isa = PBXBuildFile; fileRef = 81086A0C2C6A868E67176AFD /* FlightStatus.swift */; };
		810861CAB860DCB18B42068C /* FlightSectionModel.swift in Sources */ = {isa = PBXBuildFile; fileRef = 81086364429E48A3BCD726A0 /* FlightSectionModel.swift */; };
		810862E32D85F2C5DAF97220 /* FlightsFilter.swift in Sources */ = {isa = PBXBuildFile; fileRef = 81086960CD53A2B17A7E24C0 /* FlightsFilter.swift */; };
		81086306E77EA7EE057F41A7 /* FlightsFilterViewControllerSpec.swift in Sources */ = {isa = PBXBuildFile; fileRef = 810866FE12055D2A20A03F54 /* FlightsFilterViewControllerSpec.swift */; };
		8108636334A40F95E01181C5 /* SchipolKeys.swift in Sources */ = {isa = PBXBuildFile; fileRef = 81086B91EBCF3C6BF32ED2C5 /* SchipolKeys.swift */; };
		810863652010F26450CB6EAD /* FakeSchipolKeys.swift in Sources */ = {isa = PBXBuildFile; fileRef = 810865FB57CDCF4E24098AE8 /* FakeSchipolKeys.swift */; };
		810864ACE12C651FF280F72F /* FlightsFilterViewController.swift in Sources */ = {isa = PBXBuildFile; fileRef = 81086C78C6FBC65342EC71B8 /* FlightsFilterViewController.swift */; };
		8108653F018E18720710D044 /* JSONAPIClient.swift in Sources */ = {isa = PBXBuildFile; fileRef = 810864E618DDCD1B5EE835C1 /* JSONAPIClient.swift */; };
		81086604B89B03AFDFC47B86 /* FlightsFilterView.swift in Sources */ = {isa = PBXBuildFile; fileRef = 8108648053B8C87306D75668 /* FlightsFilterView.swift */; };
		81086764A01D1350119986BC /* FlightCell.swift in Sources */ = {isa = PBXBuildFile; fileRef = 810868EA7811273AB0733B1D /* FlightCell.swift */; };
		8108685125EDCA58FE0193FF /* FakeAPIClient.swift in Sources */ = {isa = PBXBuildFile; fileRef = 810862D65A9C80AE347A1D2E /* FakeAPIClient.swift */; };
		810868DA97F0ACA285683A14 /* Flight.swift in Sources */ = {isa = PBXBuildFile; fileRef = 81086BA8E82194460087B88F /* Flight.swift */; };
		810868E24A7A3C115E3C00F7 /* FlightsViewModelSpec.swift in Sources */ = {isa = PBXBuildFile; fileRef = 8108643841D67375A03916C5 /* FlightsViewModelSpec.swift */; };
		8108693B19D6762373F47939 /* IATAServiceSpec.swift in Sources */ = {isa = PBXBuildFile; fileRef = 810868BA5E1D2AECEF882D81 /* IATAServiceSpec.swift */; };
		81086969F7E67D6C69781DBC /* IATAService.swift in Sources */ = {isa = PBXBuildFile; fileRef = 81086A0A9C3339F5ED32DBBE /* IATAService.swift */; };
		8108699E1216682829B01DE7 /* Airline.swift in Sources */ = {isa = PBXBuildFile; fileRef = 810864EC274D3124BAC8B87A /* Airline.swift */; };
		81086B4CB16BDB0F76EBD91E /* TitleValueInputView.swift in Sources */ = {isa = PBXBuildFile; fileRef = 81086A9110DC2CFA6273BD44 /* TitleValueInputView.swift */; };
		81086BFB1F0E0F5BF782EF12 /* SchipolServiceSpec.swift in Sources */ = {isa = PBXBuildFile; fileRef = 81086D942595838503674373 /* SchipolServiceSpec.swift */; };
		81086C11256908C9F43B298D /* ServiceType.swift in Sources */ = {isa = PBXBuildFile; fileRef = 810863D73FF8377628BEF97B /* ServiceType.swift */; };
		81086C2902591ED4DE8A3E1D /* APIClient.swift in Sources */ = {isa = PBXBuildFile; fileRef = 8108673F8E9FB008AA86C7ED /* APIClient.swift */; };
		81086C2A9A758FE606ED912F /* FakeFlightsViewModel.swift in Sources */ = {isa = PBXBuildFile; fileRef = 8108654D09ABEB14B17FD03C /* FakeFlightsViewModel.swift */; };
		81086C4590649914F9623356 /* DateInputView.swift in Sources */ = {isa = PBXBuildFile; fileRef = 81086FCE1971892E9A0783FC /* DateInputView.swift */; };
		81086C92513EAA85070B7072 /* URLRequestBuilderSpec.swift in Sources */ = {isa = PBXBuildFile; fileRef = 81086F5AADB18E04687CC2DE /* URLRequestBuilderSpec.swift */; };
		81086CEDC2D7F09401AADE4D /* FlightsViewModel.swift in Sources */ = {isa = PBXBuildFile; fileRef = 81086C88BF568A2A66DF5D46 /* FlightsViewModel.swift */; };
		81086CF864E686841A9EB124 /* SchipolService.swift in Sources */ = {isa = PBXBuildFile; fileRef = 810869810F132403220F0BDA /* SchipolService.swift */; };
		81086D4A46C2829D9E6CDEA6 /* Marshal+Date.swift in Sources */ = {isa = PBXBuildFile; fileRef = 81086313D507564EC6BEABA3 /* Marshal+Date.swift */; };
		81086D7601ABC29B1E9F9441 /* FakeIATAService.swift in Sources */ = {isa = PBXBuildFile; fileRef = 810865C534A4B23E74F980D8 /* FakeIATAService.swift */; };
		81086E573D61867E3F84BFBD /* FlightsViewController.swift in Sources */ = {isa = PBXBuildFile; fileRef = 81086D628648AC448F120695 /* FlightsViewController.swift */; };
		81086E869D112583C8F7CA4D /* FakeSchipolService.swift in Sources */ = {isa = PBXBuildFile; fileRef = 810865CC83803757226FAAB4 /* FakeSchipolService.swift */; };
		81086EED753ED27404A48D76 /* Airport.swift in Sources */ = {isa = PBXBuildFile; fileRef = 81086C731E7B9AB9A3A34DA7 /* Airport.swift */; };
		81086F32E27BAF6256017E4E /* URLRequestBuilder.swift in Sources */ = {isa = PBXBuildFile; fileRef = 81086BF26C15B7517496E17B /* URLRequestBuilder.swift */; };
		81086F39D38AE8AFE2907CBC /* IATAKeys.swift in Sources */ = {isa = PBXBuildFile; fileRef = 81086AF0CD88320B6F0866A3 /* IATAKeys.swift */; };
		81086F8FDE9D76E29B82F4B6 /* Utilities.swift in Sources */ = {isa = PBXBuildFile; fileRef = 8108613B491818888084903B /* Utilities.swift */; };
		81086FB069D63FD2986274C1 /* SchipolQueryContext.swift in Sources */ = {isa = PBXBuildFile; fileRef = 81086417210C6DDDF8F468A6 /* SchipolQueryContext.swift */; };
		81086FC04A9B807AF61C0326 /* SchipolQueryContextStub.swift in Sources */ = {isa = PBXBuildFile; fileRef = 81086FDFF79535647FA0B4DF /* SchipolQueryContextStub.swift */; };
/* End PBXBuildFile section */

/* Begin PBXContainerItemProxy section */
		A12CCD161EB762D900BBD32E /* PBXContainerItemProxy */ = {
			isa = PBXContainerItemProxy;
			containerPortal = 438596611EABC06800776FD3 /* Project object */;
			proxyType = 1;
			remoteGlobalIDString = 438596681EABC06800776FD3;
			remoteInfo = RxSwiftWorkshop;
		};
/* End PBXContainerItemProxy section */

/* Begin PBXFileReference section */
		438596691EABC06800776FD3 /* RxSwiftWorkshop.app */ = {isa = PBXFileReference; explicitFileType = wrapper.application; includeInIndex = 0; path = RxSwiftWorkshop.app; sourceTree = BUILT_PRODUCTS_DIR; };
		4385966C1EABC06800776FD3 /* AppDelegate.swift */ = {isa = PBXFileReference; lastKnownFileType = sourcecode.swift; path = AppDelegate.swift; sourceTree = "<group>"; };
		438596731EABC06800776FD3 /* Assets.xcassets */ = {isa = PBXFileReference; lastKnownFileType = folder.assetcatalog; path = Assets.xcassets; sourceTree = "<group>"; };
		438596761EABC06800776FD3 /* Base */ = {isa = PBXFileReference; lastKnownFileType = file.storyboard; name = Base; path = Base.lproj/LaunchScreen.storyboard; sourceTree = "<group>"; };
		438596781EABC06800776FD3 /* Info.plist */ = {isa = PBXFileReference; lastKnownFileType = text.plist.xml; path = Info.plist; sourceTree = "<group>"; };
		4385967E1EABC18E00776FD3 /* Introduction.playground */ = {isa = PBXFileReference; lastKnownFileType = file.playground; path = Introduction.playground; sourceTree = "<group>"; };
		466B1D2C1EBA095C00817988 /* CoreLocation.framework */ = {isa = PBXFileReference; lastKnownFileType = wrapper.framework; name = CoreLocation.framework; path = System/Library/Frameworks/CoreLocation.framework; sourceTree = SDKROOT; };
		466B1D2E1EBA096200817988 /* MapKit.framework */ = {isa = PBXFileReference; lastKnownFileType = wrapper.framework; name = MapKit.framework; path = System/Library/Frameworks/MapKit.framework; sourceTree = SDKROOT; };
		52036CEEDCB7E091B933FF1E /* Pods_Workshops_RxSwiftWorkshopTests.framework */ = {isa = PBXFileReference; explicitFileType = wrapper.framework; includeInIndex = 0; path = Pods_Workshops_RxSwiftWorkshopTests.framework; sourceTree = BUILT_PRODUCTS_DIR; };
		78500F6DCA81CC5CBAFD6536 /* Pods_Workshops_RxSwiftWorkshop.framework */ = {isa = PBXFileReference; explicitFileType = wrapper.framework; includeInIndex = 0; path = Pods_Workshops_RxSwiftWorkshop.framework; sourceTree = BUILT_PRODUCTS_DIR; };
		79000095B20383E503946982 /* FakeSystemGeolocator.swift */ = {isa = PBXFileReference; fileEncoding = 4; lastKnownFileType = sourcecode.swift; path = FakeSystemGeolocator.swift; sourceTree = "<group>"; };
		790001030A05FDFD2470DDA7 /* FlightVisualizationViewModel.swift */ = {isa = PBXFileReference; fileEncoding = 4; lastKnownFileType = sourcecode.swift; path = FlightVisualizationViewModel.swift; sourceTree = "<group>"; };
		790001545A1E24B77B09637F /* MapViewDelegate.swift */ = {isa = PBXFileReference; fileEncoding = 4; lastKnownFileType = sourcecode.swift; path = MapViewDelegate.swift; sourceTree = "<group>"; };
		79000187CFBB2E47748E850A /* MapViewController.swift */ = {isa = PBXFileReference; fileEncoding = 4; lastKnownFileType = sourcecode.swift; path = MapViewController.swift; sourceTree = "<group>"; };
		790001A485670B30511AC694 /* FlowController.swift */ = {isa = PBXFileReference; fileEncoding = 4; lastKnownFileType = sourcecode.swift; path = FlowController.swift; sourceTree = "<group>"; };
		790007F4085C6C0CECB12703 /* Geolocator.swift */ = {isa = PBXFileReference; fileEncoding = 4; lastKnownFileType = sourcecode.swift; path = Geolocator.swift; sourceTree = "<group>"; };
		790008337D23D1BEF8E9DB2E /* ModelFormatters.swift */ = {isa = PBXFileReference; fileEncoding = 4; lastKnownFileType = sourcecode.swift; path = ModelFormatters.swift; sourceTree = "<group>"; };
		790008518E6DD1F739329E24 /* Route.swift */ = {isa = PBXFileReference; fileEncoding = 4; lastKnownFileType = sourcecode.swift; path = Route.swift; sourceTree = "<group>"; };
		79000ACAEFDEF90A65883CFF /* Equatability.swift */ = {isa = PBXFileReference; fileEncoding = 4; lastKnownFileType = sourcecode.swift; path = Equatability.swift; sourceTree = "<group>"; };
		79000D137AE92FC2BBAA3C62 /* LazyFaking.swift */ = {isa = PBXFileReference; fileEncoding = 4; lastKnownFileType = sourcecode.swift; path = LazyFaking.swift; sourceTree = "<group>"; };
		79000E1511EB1430092FC38D /* GentleUnwrapping.swift */ = {isa = PBXFileReference; fileEncoding = 4; lastKnownFileType = sourcecode.swift; path = GentleUnwrapping.swift; sourceTree = "<group>"; };
		79000E5B44024AB0E4C1B6D2 /* GeolocatorSpec.swift */ = {isa = PBXFileReference; fileEncoding = 4; lastKnownFileType = sourcecode.swift; path = GeolocatorSpec.swift; sourceTree = "<group>"; };
		810860398185904D92F7EC99 /* FakeFlightFilterView.swift */ = {isa = PBXFileReference; fileEncoding = 4; lastKnownFileType = sourcecode.swift; path = FakeFlightFilterView.swift; sourceTree = "<group>"; };
		8108613B491818888084903B /* Utilities.swift */ = {isa = PBXFileReference; fileEncoding = 4; lastKnownFileType = sourcecode.swift; path = Utilities.swift; sourceTree = "<group>"; };
		810862A374CA8980AC5FA5AC /* FlightsViewControllerSpec.swift */ = {isa = PBXFileReference; fileEncoding = 4; lastKnownFileType = sourcecode.swift; path = FlightsViewControllerSpec.swift; sourceTree = "<group>"; };
		810862D65A9C80AE347A1D2E /* FakeAPIClient.swift */ = {isa = PBXFileReference; fileEncoding = 4; lastKnownFileType = sourcecode.swift; path = FakeAPIClient.swift; sourceTree = "<group>"; };
		81086313D507564EC6BEABA3 /* Marshal+Date.swift */ = {isa = PBXFileReference; fileEncoding = 4; lastKnownFileType = sourcecode.swift; path = "Marshal+Date.swift"; sourceTree = "<group>"; };
		81086364429E48A3BCD726A0 /* FlightSectionModel.swift */ = {isa = PBXFileReference; fileEncoding = 4; lastKnownFileType = sourcecode.swift; path = FlightSectionModel.swift; sourceTree = "<group>"; };
		810863D73FF8377628BEF97B /* ServiceType.swift */ = {isa = PBXFileReference; fileEncoding = 4; lastKnownFileType = sourcecode.swift; path = ServiceType.swift; sourceTree = "<group>"; };
		81086417210C6DDDF8F468A6 /* SchipolQueryContext.swift */ = {isa = PBXFileReference; fileEncoding = 4; lastKnownFileType = sourcecode.swift; path = SchipolQueryContext.swift; sourceTree = "<group>"; };
		8108643841D67375A03916C5 /* FlightsViewModelSpec.swift */ = {isa = PBXFileReference; fileEncoding = 4; lastKnownFileType = sourcecode.swift; path = FlightsViewModelSpec.swift; sourceTree = "<group>"; };
		8108648053B8C87306D75668 /* FlightsFilterView.swift */ = {isa = PBXFileReference; fileEncoding = 4; lastKnownFileType = sourcecode.swift; path = FlightsFilterView.swift; sourceTree = "<group>"; };
		810864E618DDCD1B5EE835C1 /* JSONAPIClient.swift */ = {isa = PBXFileReference; fileEncoding = 4; lastKnownFileType = sourcecode.swift; path = JSONAPIClient.swift; sourceTree = "<group>"; };
		810864EC274D3124BAC8B87A /* Airline.swift */ = {isa = PBXFileReference; fileEncoding = 4; lastKnownFileType = sourcecode.swift; path = Airline.swift; sourceTree = "<group>"; };
		8108654D09ABEB14B17FD03C /* FakeFlightsViewModel.swift */ = {isa = PBXFileReference; fileEncoding = 4; lastKnownFileType = sourcecode.swift; path = FakeFlightsViewModel.swift; sourceTree = "<group>"; };
		810865C534A4B23E74F980D8 /* FakeIATAService.swift */ = {isa = PBXFileReference; fileEncoding = 4; lastKnownFileType = sourcecode.swift; path = FakeIATAService.swift; sourceTree = "<group>"; };
		810865CC83803757226FAAB4 /* FakeSchipolService.swift */ = {isa = PBXFileReference; fileEncoding = 4; lastKnownFileType = sourcecode.swift; path = FakeSchipolService.swift; sourceTree = "<group>"; };
		810865FB57CDCF4E24098AE8 /* FakeSchipolKeys.swift */ = {isa = PBXFileReference; fileEncoding = 4; lastKnownFileType = sourcecode.swift; path = FakeSchipolKeys.swift; sourceTree = "<group>"; };
		810866FE12055D2A20A03F54 /* FlightsFilterViewControllerSpec.swift */ = {isa = PBXFileReference; fileEncoding = 4; lastKnownFileType = sourcecode.swift; path = FlightsFilterViewControllerSpec.swift; sourceTree = "<group>"; };
		8108673F8E9FB008AA86C7ED /* APIClient.swift */ = {isa = PBXFileReference; fileEncoding = 4; lastKnownFileType = sourcecode.swift; path = APIClient.swift; sourceTree = "<group>"; };
		810868BA5E1D2AECEF882D81 /* IATAServiceSpec.swift */ = {isa = PBXFileReference; fileEncoding = 4; lastKnownFileType = sourcecode.swift; path = IATAServiceSpec.swift; sourceTree = "<group>"; };
		810868EA7811273AB0733B1D /* FlightCell.swift */ = {isa = PBXFileReference; fileEncoding = 4; lastKnownFileType = sourcecode.swift; path = FlightCell.swift; sourceTree = "<group>"; };
		81086960CD53A2B17A7E24C0 /* FlightsFilter.swift */ = {isa = PBXFileReference; fileEncoding = 4; lastKnownFileType = sourcecode.swift; path = FlightsFilter.swift; sourceTree = "<group>"; };
		810869810F132403220F0BDA /* SchipolService.swift */ = {isa = PBXFileReference; fileEncoding = 4; lastKnownFileType = sourcecode.swift; path = SchipolService.swift; sourceTree = "<group>"; };
		81086A0A9C3339F5ED32DBBE /* IATAService.swift */ = {isa = PBXFileReference; fileEncoding = 4; lastKnownFileType = sourcecode.swift; path = IATAService.swift; sourceTree = "<group>"; };
		81086A0C2C6A868E67176AFD /* FlightStatus.swift */ = {isa = PBXFileReference; fileEncoding = 4; lastKnownFileType = sourcecode.swift; path = FlightStatus.swift; sourceTree = "<group>"; };
		81086A9110DC2CFA6273BD44 /* TitleValueInputView.swift */ = {isa = PBXFileReference; fileEncoding = 4; lastKnownFileType = sourcecode.swift; path = TitleValueInputView.swift; sourceTree = "<group>"; };
		81086A9C451D010A64B689E3 /* FakeIATAKeys.swift */ = {isa = PBXFileReference; fileEncoding = 4; lastKnownFileType = sourcecode.swift; path = FakeIATAKeys.swift; sourceTree = "<group>"; };
		81086AF0CD88320B6F0866A3 /* IATAKeys.swift */ = {isa = PBXFileReference; fileEncoding = 4; lastKnownFileType = sourcecode.swift; path = IATAKeys.swift; sourceTree = "<group>"; };
		81086B91EBCF3C6BF32ED2C5 /* SchipolKeys.swift */ = {isa = PBXFileReference; fileEncoding = 4; lastKnownFileType = sourcecode.swift; path = SchipolKeys.swift; sourceTree = "<group>"; };
		81086BA8E82194460087B88F /* Flight.swift */ = {isa = PBXFileReference; fileEncoding = 4; lastKnownFileType = sourcecode.swift; path = Flight.swift; sourceTree = "<group>"; };
		81086BF26C15B7517496E17B /* URLRequestBuilder.swift */ = {isa = PBXFileReference; fileEncoding = 4; lastKnownFileType = sourcecode.swift; path = URLRequestBuilder.swift; sourceTree = "<group>"; };
		81086C731E7B9AB9A3A34DA7 /* Airport.swift */ = {isa = PBXFileReference; fileEncoding = 4; lastKnownFileType = sourcecode.swift; path = Airport.swift; sourceTree = "<group>"; };
		81086C78C6FBC65342EC71B8 /* FlightsFilterViewController.swift */ = {isa = PBXFileReference; fileEncoding = 4; lastKnownFileType = sourcecode.swift; path = FlightsFilterViewController.swift; sourceTree = "<group>"; };
		81086C88BF568A2A66DF5D46 /* FlightsViewModel.swift */ = {isa = PBXFileReference; fileEncoding = 4; lastKnownFileType = sourcecode.swift; path = FlightsViewModel.swift; sourceTree = "<group>"; };
		81086D628648AC448F120695 /* FlightsViewController.swift */ = {isa = PBXFileReference; fileEncoding = 4; lastKnownFileType = sourcecode.swift; path = FlightsViewController.swift; sourceTree = "<group>"; };
		81086D942595838503674373 /* SchipolServiceSpec.swift */ = {isa = PBXFileReference; fileEncoding = 4; lastKnownFileType = sourcecode.swift; path = SchipolServiceSpec.swift; sourceTree = "<group>"; };
		81086F5AADB18E04687CC2DE /* URLRequestBuilderSpec.swift */ = {isa = PBXFileReference; fileEncoding = 4; lastKnownFileType = sourcecode.swift; path = URLRequestBuilderSpec.swift; sourceTree = "<group>"; };
		81086FCE1971892E9A0783FC /* DateInputView.swift */ = {isa = PBXFileReference; fileEncoding = 4; lastKnownFileType = sourcecode.swift; path = DateInputView.swift; sourceTree = "<group>"; };
		81086FDFF79535647FA0B4DF /* SchipolQueryContextStub.swift */ = {isa = PBXFileReference; fileEncoding = 4; lastKnownFileType = sourcecode.swift; path = SchipolQueryContextStub.swift; sourceTree = "<group>"; };
		88F6181449532051D618E099 /* Pods_Workshops_RxSwiftWorkshopTests.framework */ = {isa = PBXFileReference; explicitFileType = wrapper.framework; includeInIndex = 0; path = Pods_Workshops_RxSwiftWorkshopTests.framework; sourceTree = BUILT_PRODUCTS_DIR; };
		8AFE08F0CDC246F296483FCB /* Pods-Workshops-RxSwiftWorkshop.release.xcconfig */ = {isa = PBXFileReference; includeInIndex = 1; lastKnownFileType = text.xcconfig; name = "Pods-Workshops-RxSwiftWorkshop.release.xcconfig"; path = "Pods/Target Support Files/Pods-Workshops-RxSwiftWorkshop/Pods-Workshops-RxSwiftWorkshop.release.xcconfig"; sourceTree = "<group>"; };
		8DA6CFAB6942CE49EE6D964A /* Pods-Workshops-RxSwiftWorkshopTests.release.xcconfig */ = {isa = PBXFileReference; includeInIndex = 1; lastKnownFileType = text.xcconfig; name = "Pods-Workshops-RxSwiftWorkshopTests.release.xcconfig"; path = "Pods/Target Support Files/Pods-Workshops-RxSwiftWorkshopTests/Pods-Workshops-RxSwiftWorkshopTests.release.xcconfig"; sourceTree = "<group>"; };
		A12CCD111EB762D900BBD32E /* RxSwiftWorkshopTests.xctest */ = {isa = PBXFileReference; explicitFileType = wrapper.cfbundle; includeInIndex = 0; path = RxSwiftWorkshopTests.xctest; sourceTree = BUILT_PRODUCTS_DIR; };
		A12CCD151EB762D900BBD32E /* Info.plist */ = {isa = PBXFileReference; lastKnownFileType = text.plist.xml; path = Info.plist; sourceTree = "<group>"; };
		A51FE8AD83CB5E93D521AE35 /* Pods_Workshops_RxSwiftWorkshop.framework */ = {isa = PBXFileReference; explicitFileType = wrapper.framework; includeInIndex = 0; path = Pods_Workshops_RxSwiftWorkshop.framework; sourceTree = BUILT_PRODUCTS_DIR; };
		E0FE77B470BFC3082C9C6434 /* Pods-Workshops-RxSwiftWorkshopTests.debug.xcconfig */ = {isa = PBXFileReference; includeInIndex = 1; lastKnownFileType = text.xcconfig; name = "Pods-Workshops-RxSwiftWorkshopTests.debug.xcconfig"; path = "Pods/Target Support Files/Pods-Workshops-RxSwiftWorkshopTests/Pods-Workshops-RxSwiftWorkshopTests.debug.xcconfig"; sourceTree = "<group>"; };
		F9F56D9A4C5B3EC73781EA13 /* Pods-Workshops-RxSwiftWorkshop.debug.xcconfig */ = {isa = PBXFileReference; includeInIndex = 1; lastKnownFileType = text.xcconfig; name = "Pods-Workshops-RxSwiftWorkshop.debug.xcconfig"; path = "Pods/Target Support Files/Pods-Workshops-RxSwiftWorkshop/Pods-Workshops-RxSwiftWorkshop.debug.xcconfig"; sourceTree = "<group>"; };
/* End PBXFileReference section */

/* Begin PBXFrameworksBuildPhase section */
		438596661EABC06800776FD3 /* Frameworks */ = {
			isa = PBXFrameworksBuildPhase;
			buildActionMask = 2147483647;
			files = (
				466B1D2F1EBA096200817988 /* MapKit.framework in Frameworks */,
				466B1D2D1EBA095C00817988 /* CoreLocation.framework in Frameworks */,
				A6C525EBCF52E3932667BFE5,
				5CA88F91BE7D4BEB439F0F93 /* Pods_Workshops_RxSwiftWorkshop.framework in Frameworks */,
			);
			runOnlyForDeploymentPostprocessing = 0;
		};
		A12CCD0E1EB762D900BBD32E /* Frameworks */ = {
			isa = PBXFrameworksBuildPhase;
			buildActionMask = 2147483647;
			files = (
				797BA4D6019618771E9F1896 /* Pods_Workshops_RxSwiftWorkshopTests.framework in Frameworks */,
			);
			runOnlyForDeploymentPostprocessing = 0;
		};
/* End PBXFrameworksBuildPhase section */

/* Begin PBXGroup section */
		0F30E297ED77089A1B82B2FD /* Frameworks */ = {
			isa = PBXGroup;
			children = (
				466B1D2E1EBA096200817988 /* MapKit.framework */,
				466B1D2C1EBA095C00817988 /* CoreLocation.framework */,
				78500F6DCA81CC5CBAFD6536 /* Pods_Workshops_RxSwiftWorkshop.framework */,
				52036CEEDCB7E091B933FF1E /* Pods_Workshops_RxSwiftWorkshopTests.framework */,
			);
			name = Frameworks;
			sourceTree = "<group>";
		};
		438596601EABC06800776FD3 = {
			isa = PBXGroup;
			children = (
				4385967E1EABC18E00776FD3 /* Introduction.playground */,
				4385966B1EABC06800776FD3 /* RxSwiftWorkshop */,
				A12CCD121EB762D900BBD32E /* RxSwiftWorkshopTests */,
				4385966A1EABC06800776FD3 /* Products */,
				4695771E8A77AAC4D050E61F /* Pods */,
				FBBA64A9F0D2D751F9185B3D /* Frameworks */,
			);
			sourceTree = "<group>";
		};
		4385966A1EABC06800776FD3 /* Products */ = {
			isa = PBXGroup;
			children = (
				438596691EABC06800776FD3 /* RxSwiftWorkshop.app */,
				A12CCD111EB762D900BBD32E /* RxSwiftWorkshopTests.xctest */,
			);
			name = Products;
			sourceTree = "<group>";
		};
		4385966B1EABC06800776FD3 /* RxSwiftWorkshop */ = {
			isa = PBXGroup;
			children = (
				4385966C1EABC06800776FD3 /* AppDelegate.swift */,
				438596731EABC06800776FD3 /* Assets.xcassets */,
				438596751EABC06800776FD3 /* LaunchScreen.storyboard */,
				438596781EABC06800776FD3 /* Info.plist */,
				810867A027732D668900A835 /* Flights */,
				81086D0F7CEC28C860045480 /* Shared */,
				79000CB854946F6F8A5ADF37 /* Maps */,
				810861D7A4282E5D38C0D614 /* FlightsFilter */,
			);
			path = RxSwiftWorkshop;
			sourceTree = "<group>";
		};
		4695771E8A77AAC4D050E61F /* Pods */ = {
			isa = PBXGroup;
			children = (
				F9F56D9A4C5B3EC73781EA13 /* Pods-Workshops-RxSwiftWorkshop.debug.xcconfig */,
				8AFE08F0CDC246F296483FCB /* Pods-Workshops-RxSwiftWorkshop.release.xcconfig */,
				E0FE77B470BFC3082C9C6434 /* Pods-Workshops-RxSwiftWorkshopTests.debug.xcconfig */,
				8DA6CFAB6942CE49EE6D964A /* Pods-Workshops-RxSwiftWorkshopTests.release.xcconfig */,
			);
			name = Pods;
			sourceTree = "<group>";
		};
		7900007DEBFF50D4BCF590F0 /* View */ = {
			isa = PBXGroup;
			children = (
				79000187CFBB2E47748E850A /* MapViewController.swift */,
			);
			path = View;
			sourceTree = "<group>";
		};
		79000385CB3CBCB7117BFFC3 /* ViewModel */ = {
			isa = PBXGroup;
			children = (
				790001545A1E24B77B09637F /* MapViewDelegate.swift */,
				790001030A05FDFD2470DDA7 /* FlightVisualizationViewModel.swift */,
			);
			path = ViewModel;
			sourceTree = "<group>";
		};
		790007DC3C3C457B1CD0B480 /* Utilities */ = {
			isa = PBXGroup;
			children = (
				79000E1511EB1430092FC38D /* GentleUnwrapping.swift */,
				79000D137AE92FC2BBAA3C62 /* LazyFaking.swift */,
				79000ACAEFDEF90A65883CFF /* Equatability.swift */,
			);
			path = Utilities;
			sourceTree = "<group>";
		};
		790008B629C09D8059134EA2 /* Model */ = {
			isa = PBXGroup;
			children = (
				790007F4085C6C0CECB12703 /* Geolocator.swift */,
				79000E5B44024AB0E4C1B6D2 /* GeolocatorSpec.swift */,
				790008518E6DD1F739329E24 /* Route.swift */,
			);
			path = Model;
			sourceTree = "<group>";
		};
		79000CB854946F6F8A5ADF37 /* Maps */ = {
			isa = PBXGroup;
			children = (
				790008B629C09D8059134EA2 /* Model */,
				7900007DEBFF50D4BCF590F0 /* View */,
				79000385CB3CBCB7117BFFC3 /* ViewModel */,
			);
			path = Maps;
			sourceTree = "<group>";
		};
		810860E938CE060EA33D96DD /* Model */ = {
			isa = PBXGroup;
			children = (
				810863D73FF8377628BEF97B /* ServiceType.swift */,
				81086A0C2C6A868E67176AFD /* FlightStatus.swift */,
				81086C731E7B9AB9A3A34DA7 /* Airport.swift */,
				810864EC274D3124BAC8B87A /* Airline.swift */,
				81086BA8E82194460087B88F /* Flight.swift */,
			);
			path = Model;
			sourceTree = "<group>";
		};
		810861D7A4282E5D38C0D614 /* FlightsFilter */ = {
			isa = PBXGroup;
			children = (
				8108623D1542E9D069683868 /* View */,
			);
			path = FlightsFilter;
			sourceTree = "<group>";
		};
		81086237A0BF16BDA6A13922 /* View */ = {
			isa = PBXGroup;
			children = (
				81086D628648AC448F120695 /* FlightsViewController.swift */,
				81086364429E48A3BCD726A0 /* FlightSectionModel.swift */,
				810868EA7811273AB0733B1D /* FlightCell.swift */,
				810862A374CA8980AC5FA5AC /* FlightsViewControllerSpec.swift */,
			);
			path = View;
			sourceTree = "<group>";
		};
		8108623D1542E9D069683868 /* View */ = {
			isa = PBXGroup;
			children = (
				81086C78C6FBC65342EC71B8 /* FlightsFilterViewController.swift */,
				8108648053B8C87306D75668 /* FlightsFilterView.swift */,
				810866FE12055D2A20A03F54 /* FlightsFilterViewControllerSpec.swift */,
				81086A9110DC2CFA6273BD44 /* TitleValueInputView.swift */,
				81086FCE1971892E9A0783FC /* DateInputView.swift */,
			);
			path = View;
			sourceTree = "<group>";
		};
		8108640CB5611C981A7344D8 /* Model */ = {
			isa = PBXGroup;
			children = (
				81086313D507564EC6BEABA3 /* Marshal+Date.swift */,
				790008337D23D1BEF8E9DB2E /* ModelFormatters.swift */,
			);
			path = Model;
			sourceTree = "<group>";
		};
		810867A027732D668900A835 /* Flights */ = {
			isa = PBXGroup;
			children = (
				810860E938CE060EA33D96DD /* Model */,
				81086E296C956D7304F837E1 /* ViewModel */,
				81086237A0BF16BDA6A13922 /* View */,
			);
			path = Flights;
			sourceTree = "<group>";
		};
		810867AFABE8166BB686ADBD /* Utilities */ = {
			isa = PBXGroup;
			children = (
				8108613B491818888084903B /* Utilities.swift */,
			);
			path = Utilities;
			sourceTree = "<group>";
		};
		81086961E4C7AA6CDB357C2A /* Fakes */ = {
			isa = PBXGroup;
			children = (
				810862D65A9C80AE347A1D2E /* FakeAPIClient.swift */,
				81086A9C451D010A64B689E3 /* FakeIATAKeys.swift */,
				810865FB57CDCF4E24098AE8 /* FakeSchipolKeys.swift */,
				810865CC83803757226FAAB4 /* FakeSchipolService.swift */,
				810865C534A4B23E74F980D8 /* FakeIATAService.swift */,
				8108654D09ABEB14B17FD03C /* FakeFlightsViewModel.swift */,
				79000095B20383E503946982 /* FakeSystemGeolocator.swift */,
				810860398185904D92F7EC99 /* FakeFlightFilterView.swift */,
			);
			path = Fakes;
			sourceTree = "<group>";
		};
		81086A403F9FC414B9E2E8CB /* IATAService */ = {
			isa = PBXGroup;
			children = (
				81086A0A9C3339F5ED32DBBE /* IATAService.swift */,
				810868BA5E1D2AECEF882D81 /* IATAServiceSpec.swift */,
				81086AF0CD88320B6F0866A3 /* IATAKeys.swift */,
			);
			path = IATAService;
			sourceTree = "<group>";
		};
		81086CFD32D63764F5C61507 /* APIClient */ = {
			isa = PBXGroup;
			children = (
				810864E618DDCD1B5EE835C1 /* JSONAPIClient.swift */,
				8108673F8E9FB008AA86C7ED /* APIClient.swift */,
				81086BF26C15B7517496E17B /* URLRequestBuilder.swift */,
				81086F5AADB18E04687CC2DE /* URLRequestBuilderSpec.swift */,
			);
			path = APIClient;
			sourceTree = "<group>";
		};
		81086D0F7CEC28C860045480 /* Shared */ = {
			isa = PBXGroup;
			children = (
				8108640CB5611C981A7344D8 /* Model */,
				81086CFD32D63764F5C61507 /* APIClient */,
				81086A403F9FC414B9E2E8CB /* IATAService */,
				81086E4FAD5E4E0D04F0F95B /* SchipolService */,
				810867AFABE8166BB686ADBD /* Utilities */,
				790001A485670B30511AC694 /* FlowController.swift */,
			);
			path = Shared;
			sourceTree = "<group>";
		};
		81086E296C956D7304F837E1 /* ViewModel */ = {
			isa = PBXGroup;
			children = (
				81086C88BF568A2A66DF5D46 /* FlightsViewModel.swift */,
				8108643841D67375A03916C5 /* FlightsViewModelSpec.swift */,
				81086960CD53A2B17A7E24C0 /* FlightsFilter.swift */,
			);
			path = ViewModel;
			sourceTree = "<group>";
		};
		81086E4FAD5E4E0D04F0F95B /* SchipolService */ = {
			isa = PBXGroup;
			children = (
				810869810F132403220F0BDA /* SchipolService.swift */,
				81086D942595838503674373 /* SchipolServiceSpec.swift */,
				81086B91EBCF3C6BF32ED2C5 /* SchipolKeys.swift */,
				81086417210C6DDDF8F468A6 /* SchipolQueryContext.swift */,
			);
			path = SchipolService;
			sourceTree = "<group>";
		};
		81086F160C62DBAF29374164 /* Stubs */ = {
			isa = PBXGroup;
			children = (
				81086FDFF79535647FA0B4DF /* SchipolQueryContextStub.swift */,
			);
			path = Stubs;
			sourceTree = "<group>";
		};
		A12CCD121EB762D900BBD32E /* RxSwiftWorkshopTests */ = {
			isa = PBXGroup;
			children = (
				A12CCD151EB762D900BBD32E /* Info.plist */,
				81086961E4C7AA6CDB357C2A /* Fakes */,
				790007DC3C3C457B1CD0B480 /* Utilities */,
				81086F160C62DBAF29374164 /* Stubs */,
			);
			path = RxSwiftWorkshopTests;
			sourceTree = "<group>";
		};
		FBBA64A9F0D2D751F9185B3D /* Frameworks */ = {
			isa = PBXGroup;
			children = (
				A51FE8AD83CB5E93D521AE35 /* Pods_Workshops_RxSwiftWorkshop.framework */,
				88F6181449532051D618E099 /* Pods_Workshops_RxSwiftWorkshopTests.framework */,
			);
			name = Frameworks;
			sourceTree = "<group>";
		};
/* End PBXGroup section */

/* Begin PBXNativeTarget section */
		438596681EABC06800776FD3 /* RxSwiftWorkshop */ = {
			isa = PBXNativeTarget;
			buildConfigurationList = 4385967B1EABC06800776FD3 /* Build configuration list for PBXNativeTarget "RxSwiftWorkshop" */;
			buildPhases = (
				05AA7C0304539A57CE1D6633 /* [CP] Check Pods Manifest.lock */,
				A19E13671EB9B322000B4389 /* Run Swift Format */,
				438596651EABC06800776FD3 /* Sources */,
				438596661EABC06800776FD3 /* Frameworks */,
				438596671EABC06800776FD3 /* Resources */,
				AAAAB7E78B434FA95440F5AC /* [CP] Embed Pods Frameworks */,
				1F98C20C54C88D6331A55415 /* [CP] Copy Pods Resources */,
			);
			buildRules = (
			);
			dependencies = (
			);
			name = RxSwiftWorkshop;
			productName = RxSwiftWorkshop;
			productReference = 438596691EABC06800776FD3 /* RxSwiftWorkshop.app */;
			productType = "com.apple.product-type.application";
		};
		A12CCD101EB762D900BBD32E /* RxSwiftWorkshopTests */ = {
			isa = PBXNativeTarget;
			buildConfigurationList = A12CCD1A1EB762D900BBD32E /* Build configuration list for PBXNativeTarget "RxSwiftWorkshopTests" */;
			buildPhases = (
				ADC412FCAC0C2401043024BC /* [CP] Check Pods Manifest.lock */,
				A12CCD0D1EB762D900BBD32E /* Sources */,
				A12CCD0E1EB762D900BBD32E /* Frameworks */,
				A12CCD0F1EB762D900BBD32E /* Resources */,
				E7F98F6EA4C80F6B197025FB /* [CP] Embed Pods Frameworks */,
				8700B73DDCF76D24613181DD /* [CP] Copy Pods Resources */,
			);
			buildRules = (
			);
			dependencies = (
				A12CCD171EB762D900BBD32E /* PBXTargetDependency */,
			);
			name = RxSwiftWorkshopTests;
			productName = RxSwiftWorkshopTests;
			productReference = A12CCD111EB762D900BBD32E /* RxSwiftWorkshopTests.xctest */;
			productType = "com.apple.product-type.bundle.unit-test";
		};
/* End PBXNativeTarget section */

/* Begin PBXProject section */
		438596611EABC06800776FD3 /* Project object */ = {
			isa = PBXProject;
			attributes = {
				LastSwiftUpdateCheck = 0830;
				LastUpgradeCheck = 0830;
				ORGANIZATIONNAME = "Mobile Academy";
				TargetAttributes = {
					438596681EABC06800776FD3 = {
						CreatedOnToolsVersion = 8.3.2;
						ProvisioningStyle = Automatic;
					};
					A12CCD101EB762D900BBD32E = {
						CreatedOnToolsVersion = 8.3.2;
						ProvisioningStyle = Automatic;
						TestTargetID = 438596681EABC06800776FD3;
					};
				};
			};
			buildConfigurationList = 438596641EABC06800776FD3 /* Build configuration list for PBXProject "RxSwiftWorkshop" */;
			compatibilityVersion = "Xcode 3.2";
			developmentRegion = English;
			hasScannedForEncodings = 0;
			knownRegions = (
				en,
				Base,
			);
			mainGroup = 438596601EABC06800776FD3;
			productRefGroup = 4385966A1EABC06800776FD3 /* Products */;
			projectDirPath = "";
			projectRoot = "";
			targets = (
				438596681EABC06800776FD3 /* RxSwiftWorkshop */,
				A12CCD101EB762D900BBD32E /* RxSwiftWorkshopTests */,
			);
		};
/* End PBXProject section */

/* Begin PBXResourcesBuildPhase section */
		438596671EABC06800776FD3 /* Resources */ = {
			isa = PBXResourcesBuildPhase;
			buildActionMask = 2147483647;
			files = (
				438596771EABC06800776FD3 /* LaunchScreen.storyboard in Resources */,
				438596741EABC06800776FD3 /* Assets.xcassets in Resources */,
			);
			runOnlyForDeploymentPostprocessing = 0;
		};
		A12CCD0F1EB762D900BBD32E /* Resources */ = {
			isa = PBXResourcesBuildPhase;
			buildActionMask = 2147483647;
			files = (
			);
			runOnlyForDeploymentPostprocessing = 0;
		};
/* End PBXResourcesBuildPhase section */

/* Begin PBXShellScriptBuildPhase section */
		05AA7C0304539A57CE1D6633 /* [CP] Check Pods Manifest.lock */ = {
			isa = PBXShellScriptBuildPhase;
			buildActionMask = 2147483647;
			files = (
			);
			inputPaths = (
			);
			name = "[CP] Check Pods Manifest.lock";
			outputPaths = (
			);
			runOnlyForDeploymentPostprocessing = 0;
			shellPath = /bin/sh;
			shellScript = "diff \"${PODS_PODFILE_DIR_PATH}/Podfile.lock\" \"${PODS_ROOT}/Manifest.lock\" > /dev/null\nif [ $? != 0 ] ; then\n    # print error to STDERR\n    echo \"error: The sandbox is not in sync with the Podfile.lock. Run 'pod install' or update your CocoaPods installation.\" >&2\n    exit 1\nfi\n";
			showEnvVarsInLog = 0;
		};
		1F98C20C54C88D6331A55415 /* [CP] Copy Pods Resources */ = {
			isa = PBXShellScriptBuildPhase;
			buildActionMask = 2147483647;
			files = (
			);
			inputPaths = (
			);
			name = "[CP] Copy Pods Resources";
			outputPaths = (
			);
			runOnlyForDeploymentPostprocessing = 0;
			shellPath = /bin/sh;
			shellScript = "\"${SRCROOT}/Pods/Target Support Files/Pods-Workshops-RxSwiftWorkshop/Pods-Workshops-RxSwiftWorkshop-resources.sh\"\n";
			showEnvVarsInLog = 0;
		};
		8700B73DDCF76D24613181DD /* [CP] Copy Pods Resources */ = {
			isa = PBXShellScriptBuildPhase;
			buildActionMask = 2147483647;
			files = (
			);
			inputPaths = (
			);
			name = "[CP] Copy Pods Resources";
			outputPaths = (
			);
			runOnlyForDeploymentPostprocessing = 0;
			shellPath = /bin/sh;
			shellScript = "\"${SRCROOT}/Pods/Target Support Files/Pods-Workshops-RxSwiftWorkshopTests/Pods-Workshops-RxSwiftWorkshopTests-resources.sh\"\n";
			showEnvVarsInLog = 0;
		};
		A19E13671EB9B322000B4389 /* Run Swift Format */ = {
			isa = PBXShellScriptBuildPhase;
			buildActionMask = 2147483647;
			files = (
			);
			inputPaths = (
			);
			name = "Run Swift Format";
			outputPaths = (
			);
			runOnlyForDeploymentPostprocessing = 0;
			shellPath = /bin/sh;
			shellScript = "\"${SRCROOT}/Pods/SwiftFormat/CommandLineTool/swiftformat\" \"${SRCROOT}/RxSwiftWorkshop\"";
		};
		AAAAB7E78B434FA95440F5AC /* [CP] Embed Pods Frameworks */ = {
			isa = PBXShellScriptBuildPhase;
			buildActionMask = 2147483647;
			files = (
			);
			inputPaths = (
			);
			name = "[CP] Embed Pods Frameworks";
			outputPaths = (
			);
			runOnlyForDeploymentPostprocessing = 0;
			shellPath = /bin/sh;
			shellScript = "\"${SRCROOT}/Pods/Target Support Files/Pods-Workshops-RxSwiftWorkshop/Pods-Workshops-RxSwiftWorkshop-frameworks.sh\"\n";
			showEnvVarsInLog = 0;
		};
		ADC412FCAC0C2401043024BC /* [CP] Check Pods Manifest.lock */ = {
			isa = PBXShellScriptBuildPhase;
			buildActionMask = 2147483647;
			files = (
			);
			inputPaths = (
			);
			name = "[CP] Check Pods Manifest.lock";
			outputPaths = (
			);
			runOnlyForDeploymentPostprocessing = 0;
			shellPath = /bin/sh;
			shellScript = "diff \"${PODS_PODFILE_DIR_PATH}/Podfile.lock\" \"${PODS_ROOT}/Manifest.lock\" > /dev/null\nif [ $? != 0 ] ; then\n    # print error to STDERR\n    echo \"error: The sandbox is not in sync with the Podfile.lock. Run 'pod install' or update your CocoaPods installation.\" >&2\n    exit 1\nfi\n";
			showEnvVarsInLog = 0;
		};
		E7F98F6EA4C80F6B197025FB /* [CP] Embed Pods Frameworks */ = {
			isa = PBXShellScriptBuildPhase;
			buildActionMask = 2147483647;
			files = (
			);
			inputPaths = (
			);
			name = "[CP] Embed Pods Frameworks";
			outputPaths = (
			);
			runOnlyForDeploymentPostprocessing = 0;
			shellPath = /bin/sh;
			shellScript = "\"${SRCROOT}/Pods/Target Support Files/Pods-Workshops-RxSwiftWorkshopTests/Pods-Workshops-RxSwiftWorkshopTests-frameworks.sh\"\n";
			showEnvVarsInLog = 0;
		};
/* End PBXShellScriptBuildPhase section */

/* Begin PBXSourcesBuildPhase section */
		438596651EABC06800776FD3 /* Sources */ = {
			isa = PBXSourcesBuildPhase;
			buildActionMask = 2147483647;
			files = (
				4385966D1EABC06800776FD3 /* AppDelegate.swift in Sources */,
				81086C11256908C9F43B298D /* ServiceType.swift in Sources */,
				8108610F6FE2FD5FD91B281F /* FlightStatus.swift in Sources */,
				81086D4A46C2829D9E6CDEA6 /* Marshal+Date.swift in Sources */,
				81086EED753ED27404A48D76 /* Airport.swift in Sources */,
				8108699E1216682829B01DE7 /* Airline.swift in Sources */,
				810868DA97F0ACA285683A14 /* Flight.swift in Sources */,
				8108653F018E18720710D044 /* JSONAPIClient.swift in Sources */,
				81086C2902591ED4DE8A3E1D /* APIClient.swift in Sources */,
				81086969F7E67D6C69781DBC /* IATAService.swift in Sources */,
				81086F32E27BAF6256017E4E /* URLRequestBuilder.swift in Sources */,
				81086CF864E686841A9EB124 /* SchipolService.swift in Sources */,
				8108636334A40F95E01181C5 /* SchipolKeys.swift in Sources */,
				81086F39D38AE8AFE2907CBC /* IATAKeys.swift in Sources */,
				81086CEDC2D7F09401AADE4D /* FlightsViewModel.swift in Sources */,
				81086E573D61867E3F84BFBD /* FlightsViewController.swift in Sources */,
				810861CAB860DCB18B42068C /* FlightSectionModel.swift in Sources */,
				81086764A01D1350119986BC /* FlightCell.swift in Sources */,
				81086F8FDE9D76E29B82F4B6 /* Utilities.swift in Sources */,
				7900060EEF468A2C8E4FF41E /* ModelFormatters.swift in Sources */,
				79000A32DAE588F5178CC8FD /* MapViewController.swift in Sources */,
				7900006D4F7E45D0236801C4 /* MapViewDelegate.swift in Sources */,
				790006AD7C97B14DD6719802 /* Geolocator.swift in Sources */,
				79000D49D13F3500608747E7 /* FlightVisualizationViewModel.swift in Sources */,
				7900043FC44B5112CFB85CF1 /* Route.swift in Sources */,
				790004F8689BB9A10FF9D187 /* FlowController.swift in Sources */,
				810862E32D85F2C5DAF97220 /* FlightsFilter.swift in Sources */,
				81086FB069D63FD2986274C1 /* SchipolQueryContext.swift in Sources */,
				810864ACE12C651FF280F72F /* FlightsFilterViewController.swift in Sources */,
				81086604B89B03AFDFC47B86 /* FlightsFilterView.swift in Sources */,
				81086B4CB16BDB0F76EBD91E /* TitleValueInputView.swift in Sources */,
				81086C4590649914F9623356 /* DateInputView.swift in Sources */,
			);
			runOnlyForDeploymentPostprocessing = 0;
		};
		A12CCD0D1EB762D900BBD32E /* Sources */ = {
			isa = PBXSourcesBuildPhase;
			buildActionMask = 2147483647;
			files = (
				81086C92513EAA85070B7072 /* URLRequestBuilderSpec.swift in Sources */,
				8108685125EDCA58FE0193FF /* FakeAPIClient.swift in Sources */,
				8108693B19D6762373F47939 /* IATAServiceSpec.swift in Sources */,
				8108601AF59ED8EA7EE407F8 /* FakeIATAKeys.swift in Sources */,
				81086BFB1F0E0F5BF782EF12 /* SchipolServiceSpec.swift in Sources */,
				810863652010F26450CB6EAD /* FakeSchipolKeys.swift in Sources */,
				810868E24A7A3C115E3C00F7 /* FlightsViewModelSpec.swift in Sources */,
				81086E869D112583C8F7CA4D /* FakeSchipolService.swift in Sources */,
				81086D7601ABC29B1E9F9441 /* FakeIATAService.swift in Sources */,
				8108603B301829C5B1DE8FE3 /* FlightsViewControllerSpec.swift in Sources */,
				81086C2A9A758FE606ED912F /* FakeFlightsViewModel.swift in Sources */,
				790009523CDE0607211CC0AF /* GeolocatorSpec.swift in Sources */,
				79000394FC6EE8D3547FF94C /* FakeSystemGeolocator.swift in Sources */,
				79000EE78747ACBE81271356 /* GentleUnwrapping.swift in Sources */,
				79000AC0B90E0EF08F5D532F /* LazyFaking.swift in Sources */,
				7900039827B790F1D721DD64 /* Equatability.swift in Sources */,
				81086FC04A9B807AF61C0326 /* SchipolQueryContextStub.swift in Sources */,
				81086306E77EA7EE057F41A7 /* FlightsFilterViewControllerSpec.swift in Sources */,
				810860850202F9ED61EBFDE7 /* FakeFlightFilterView.swift in Sources */,
			);
			runOnlyForDeploymentPostprocessing = 0;
		};
/* End PBXSourcesBuildPhase section */

/* Begin PBXTargetDependency section */
		A12CCD171EB762D900BBD32E /* PBXTargetDependency */ = {
			isa = PBXTargetDependency;
			target = 438596681EABC06800776FD3 /* RxSwiftWorkshop */;
			targetProxy = A12CCD161EB762D900BBD32E /* PBXContainerItemProxy */;
		};
/* End PBXTargetDependency section */

/* Begin PBXVariantGroup section */
		438596751EABC06800776FD3 /* LaunchScreen.storyboard */ = {
			isa = PBXVariantGroup;
			children = (
				438596761EABC06800776FD3 /* Base */,
			);
			name = LaunchScreen.storyboard;
			sourceTree = "<group>";
		};
/* End PBXVariantGroup section */

/* Begin XCBuildConfiguration section */
		438596791EABC06800776FD3 /* Debug */ = {
			isa = XCBuildConfiguration;
			buildSettings = {
				ALWAYS_SEARCH_USER_PATHS = NO;
				CLANG_ANALYZER_NONNULL = YES;
				CLANG_ANALYZER_NUMBER_OBJECT_CONVERSION = YES_AGGRESSIVE;
				CLANG_CXX_LANGUAGE_STANDARD = "gnu++0x";
				CLANG_CXX_LIBRARY = "libc++";
				CLANG_ENABLE_MODULES = YES;
				CLANG_ENABLE_OBJC_ARC = YES;
				CLANG_WARN_BOOL_CONVERSION = YES;
				CLANG_WARN_CONSTANT_CONVERSION = YES;
				CLANG_WARN_DIRECT_OBJC_ISA_USAGE = YES_ERROR;
				CLANG_WARN_DOCUMENTATION_COMMENTS = YES;
				CLANG_WARN_EMPTY_BODY = YES;
				CLANG_WARN_ENUM_CONVERSION = YES;
				CLANG_WARN_INFINITE_RECURSION = YES;
				CLANG_WARN_INT_CONVERSION = YES;
				CLANG_WARN_OBJC_ROOT_CLASS = YES_ERROR;
				CLANG_WARN_SUSPICIOUS_MOVE = YES;
				CLANG_WARN_UNREACHABLE_CODE = YES;
				CLANG_WARN__DUPLICATE_METHOD_MATCH = YES;
				"CODE_SIGN_IDENTITY[sdk=iphoneos*]" = "iPhone Developer";
				COPY_PHASE_STRIP = NO;
				DEBUG_INFORMATION_FORMAT = dwarf;
				ENABLE_STRICT_OBJC_MSGSEND = YES;
				ENABLE_TESTABILITY = YES;
				GCC_C_LANGUAGE_STANDARD = gnu99;
				GCC_DYNAMIC_NO_PIC = NO;
				GCC_NO_COMMON_BLOCKS = YES;
				GCC_OPTIMIZATION_LEVEL = 0;
				GCC_PREPROCESSOR_DEFINITIONS = (
					"DEBUG=1",
					"$(inherited)",
				);
				GCC_WARN_64_TO_32_BIT_CONVERSION = YES;
				GCC_WARN_ABOUT_RETURN_TYPE = YES_ERROR;
				GCC_WARN_UNDECLARED_SELECTOR = YES;
				GCC_WARN_UNINITIALIZED_AUTOS = YES_AGGRESSIVE;
				GCC_WARN_UNUSED_FUNCTION = YES;
				GCC_WARN_UNUSED_VARIABLE = YES;
				IPHONEOS_DEPLOYMENT_TARGET = 10.3;
				MTL_ENABLE_DEBUG_INFO = YES;
				ONLY_ACTIVE_ARCH = YES;
				SDKROOT = iphoneos;
				SWIFT_ACTIVE_COMPILATION_CONDITIONS = DEBUG;
				SWIFT_OPTIMIZATION_LEVEL = "-Onone";
			};
			name = Debug;
		};
		4385967A1EABC06800776FD3 /* Release */ = {
			isa = XCBuildConfiguration;
			buildSettings = {
				ALWAYS_SEARCH_USER_PATHS = NO;
				CLANG_ANALYZER_NONNULL = YES;
				CLANG_ANALYZER_NUMBER_OBJECT_CONVERSION = YES_AGGRESSIVE;
				CLANG_CXX_LANGUAGE_STANDARD = "gnu++0x";
				CLANG_CXX_LIBRARY = "libc++";
				CLANG_ENABLE_MODULES = YES;
				CLANG_ENABLE_OBJC_ARC = YES;
				CLANG_WARN_BOOL_CONVERSION = YES;
				CLANG_WARN_CONSTANT_CONVERSION = YES;
				CLANG_WARN_DIRECT_OBJC_ISA_USAGE = YES_ERROR;
				CLANG_WARN_DOCUMENTATION_COMMENTS = YES;
				CLANG_WARN_EMPTY_BODY = YES;
				CLANG_WARN_ENUM_CONVERSION = YES;
				CLANG_WARN_INFINITE_RECURSION = YES;
				CLANG_WARN_INT_CONVERSION = YES;
				CLANG_WARN_OBJC_ROOT_CLASS = YES_ERROR;
				CLANG_WARN_SUSPICIOUS_MOVE = YES;
				CLANG_WARN_UNREACHABLE_CODE = YES;
				CLANG_WARN__DUPLICATE_METHOD_MATCH = YES;
				"CODE_SIGN_IDENTITY[sdk=iphoneos*]" = "iPhone Developer";
				COPY_PHASE_STRIP = NO;
				DEBUG_INFORMATION_FORMAT = "dwarf-with-dsym";
				ENABLE_NS_ASSERTIONS = NO;
				ENABLE_STRICT_OBJC_MSGSEND = YES;
				GCC_C_LANGUAGE_STANDARD = gnu99;
				GCC_NO_COMMON_BLOCKS = YES;
				GCC_WARN_64_TO_32_BIT_CONVERSION = YES;
				GCC_WARN_ABOUT_RETURN_TYPE = YES_ERROR;
				GCC_WARN_UNDECLARED_SELECTOR = YES;
				GCC_WARN_UNINITIALIZED_AUTOS = YES_AGGRESSIVE;
				GCC_WARN_UNUSED_FUNCTION = YES;
				GCC_WARN_UNUSED_VARIABLE = YES;
				IPHONEOS_DEPLOYMENT_TARGET = 10.3;
				MTL_ENABLE_DEBUG_INFO = NO;
				SDKROOT = iphoneos;
				SWIFT_OPTIMIZATION_LEVEL = "-Owholemodule";
				VALIDATE_PRODUCT = YES;
			};
			name = Release;
		};
		4385967C1EABC06800776FD3 /* Debug */ = {
			isa = XCBuildConfiguration;
			baseConfigurationReference = F9F56D9A4C5B3EC73781EA13 /* Pods-Workshops-RxSwiftWorkshop.debug.xcconfig */;
			buildSettings = {
				ASSETCATALOG_COMPILER_APPICON_NAME = AppIcon;
				INFOPLIST_FILE = RxSwiftWorkshop/Info.plist;
				LD_RUNPATH_SEARCH_PATHS = "$(inherited) @executable_path/Frameworks";
				PRODUCT_BUNDLE_IDENTIFIER = "io.mobile-academy.RxSwiftWorkshop";
				PRODUCT_NAME = RxSwiftWorkshop;
				SWIFT_VERSION = 3.0;
			};
			name = Debug;
		};
		4385967D1EABC06800776FD3 /* Release */ = {
			isa = XCBuildConfiguration;
			baseConfigurationReference = 8AFE08F0CDC246F296483FCB /* Pods-Workshops-RxSwiftWorkshop.release.xcconfig */;
			buildSettings = {
				ASSETCATALOG_COMPILER_APPICON_NAME = AppIcon;
				INFOPLIST_FILE = RxSwiftWorkshop/Info.plist;
				LD_RUNPATH_SEARCH_PATHS = "$(inherited) @executable_path/Frameworks";
				PRODUCT_BUNDLE_IDENTIFIER = "io.mobile-academy.RxSwiftWorkshop";
				PRODUCT_NAME = RxSwiftWorkshop;
				SWIFT_VERSION = 3.0;
			};
			name = Release;
		};
		A12CCD181EB762D900BBD32E /* Debug */ = {
			isa = XCBuildConfiguration;
			baseConfigurationReference = E0FE77B470BFC3082C9C6434 /* Pods-Workshops-RxSwiftWorkshopTests.debug.xcconfig */;
			buildSettings = {
				BUNDLE_LOADER = "$(TEST_HOST)";
				INFOPLIST_FILE = RxSwiftWorkshopTests/Info.plist;
				LD_RUNPATH_SEARCH_PATHS = "$(inherited) @executable_path/Frameworks @loader_path/Frameworks";
				PRODUCT_BUNDLE_IDENTIFIER = "io.mobile-academy.RxSwiftWorkshopTests";
				PRODUCT_NAME = "$(TARGET_NAME)";
				SWIFT_VERSION = 3.0;
				TEST_HOST = "$(BUILT_PRODUCTS_DIR)/RxSwiftWorkshop.app/RxSwiftWorkshop";
			};
			name = Debug;
		};
		A12CCD191EB762D900BBD32E /* Release */ = {
			isa = XCBuildConfiguration;
			baseConfigurationReference = 8DA6CFAB6942CE49EE6D964A /* Pods-Workshops-RxSwiftWorkshopTests.release.xcconfig */;
			buildSettings = {
				BUNDLE_LOADER = "$(TEST_HOST)";
				INFOPLIST_FILE = RxSwiftWorkshopTests/Info.plist;
				LD_RUNPATH_SEARCH_PATHS = "$(inherited) @executable_path/Frameworks @loader_path/Frameworks";
				PRODUCT_BUNDLE_IDENTIFIER = "io.mobile-academy.RxSwiftWorkshopTests";
				PRODUCT_NAME = "$(TARGET_NAME)";
				SWIFT_VERSION = 3.0;
				TEST_HOST = "$(BUILT_PRODUCTS_DIR)/RxSwiftWorkshop.app/RxSwiftWorkshop";
			};
			name = Release;
		};
/* End XCBuildConfiguration section */

/* Begin XCConfigurationList section */
		438596641EABC06800776FD3 /* Build configuration list for PBXProject "RxSwiftWorkshop" */ = {
			isa = XCConfigurationList;
			buildConfigurations = (
				438596791EABC06800776FD3 /* Debug */,
				4385967A1EABC06800776FD3 /* Release */,
			);
			defaultConfigurationIsVisible = 0;
			defaultConfigurationName = Release;
		};
		4385967B1EABC06800776FD3 /* Build configuration list for PBXNativeTarget "RxSwiftWorkshop" */ = {
			isa = XCConfigurationList;
			buildConfigurations = (
				4385967C1EABC06800776FD3 /* Debug */,
				4385967D1EABC06800776FD3 /* Release */,
			);
			defaultConfigurationIsVisible = 0;
			defaultConfigurationName = Release;
		};
		A12CCD1A1EB762D900BBD32E /* Build configuration list for PBXNativeTarget "RxSwiftWorkshopTests" */ = {
			isa = XCConfigurationList;
			buildConfigurations = (
				A12CCD181EB762D900BBD32E /* Debug */,
				A12CCD191EB762D900BBD32E /* Release */,
			);
			defaultConfigurationIsVisible = 0;
			defaultConfigurationName = Release;
		};
/* End XCConfigurationList section */
	};
	rootObject = 438596611EABC06800776FD3 /* Project object */;
}
